{
  "projects": [
    {
      "projectId": "gmeH6XgPaBtkt51HunAo4g",
      "version": "18.27.0",
      "dependencies": {},
      "lang": "js",
      "fileLocks": [
        {
          "assetId": "gmeH6XgPaBtkt51HunAo4g",
          "type": "projectCss",
          "checksum": "56a5d447501c0753e4cf451641894e78"
        },
        {
          "assetId": "gmeH6XgPaBtkt51HunAo4g",
          "checksum": "b257914c183ee7b8f06149f466106930",
          "type": "projectModule"
        },
        {
          "assetId": "gmeH6XgPaBtkt51HunAo4g",
          "checksum": "ff8060c058b656c8fef5cee8014227a1",
          "type": "styleTokensProvider"
        }
      ],
      "codegenVersion": "0.0.2"
    },
    {
      "projectId": "tapQSmgujw7smcBwiTayug",
      "version": "latest",
      "dependencies": {
        "gmeH6XgPaBtkt51HunAo4g": "18.27.0",
        "caTPwKxj5ZrD9LQ7DMdK4Z": "3.47.0"
      },
      "lang": "js",
      "fileLocks": [
        {
          "type": "globalVariant",
          "assetId": "qK1JPpcddJ5M",
          "checksum": "c48853637b85d6595a7c5e60f713abb2"
        },
        {
          "assetId": "tapQSmgujw7smcBwiTayug",
          "checksum": "68eb55c73fe0a7401fcf1565259a166f",
          "type": "projectModule"
        },
        {
          "assetId": "tapQSmgujw7smcBwiTayug",
          "checksum": "c3a33f6ab32b58a79b3b4986e987da91",
          "type": "styleTokensProvider"
        },
        {
          "type": "renderModule",
          "assetId": "jTXG3Regz125",
          "checksum": "7a90201f3131a0bc170e76432719289a"
        },
        {
          "type": "cssRules",
          "assetId": "jTXG3Regz125",
          "checksum": "7a90201f3131a0bc170e76432719289a"
        },
        {
          "type": "renderModule",
          "assetId": "e318ljy9CoY1",
          "checksum": "bf04ef028dee1858c4b3af4206522d43"
        },
        {
          "type": "cssRules",
          "assetId": "e318ljy9CoY1",
          "checksum": "bf04ef028dee1858c4b3af4206522d43"
        },
        {
          "type": "renderModule",
          "assetId": "XWoJFMRAhX-a",
          "checksum": "6c166ec9844d8de58d8d0aaa217cd913"
        },
        {
          "type": "cssRules",
          "assetId": "XWoJFMRAhX-a",
          "checksum": "6c166ec9844d8de58d8d0aaa217cd913"
        },
        {
          "type": "renderModule",
          "assetId": "MiL8App_emDg",
          "checksum": "84e15333968e7b7e02b2263a091af80e"
        },
        {
          "type": "cssRules",
          "assetId": "MiL8App_emDg",
          "checksum": "84e15333968e7b7e02b2263a091af80e"
        },
        {
          "type": "renderModule",
          "assetId": "MfBfPa4XolcV",
          "checksum": "53d6ae5f5a8e59ba43626c7eb764eda2"
        },
        {
          "type": "cssRules",
          "assetId": "MfBfPa4XolcV",
          "checksum": "53d6ae5f5a8e59ba43626c7eb764eda2"
        },
        {
          "type": "renderModule",
          "assetId": "Ax1oVfWAIpWF",
          "checksum": "9c1cf5ee08a5dea59806ffa2b0ad934d"
        },
        {
          "type": "cssRules",
          "assetId": "Ax1oVfWAIpWF",
          "checksum": "9c1cf5ee08a5dea59806ffa2b0ad934d"
        },
        {
          "type": "renderModule",
          "assetId": "nrbNxhTEHqj6",
          "checksum": "e2c7aaa147a48784336aa00e8370bc83"
        },
        {
          "type": "cssRules",
          "assetId": "nrbNxhTEHqj6",
          "checksum": "e2c7aaa147a48784336aa00e8370bc83"
        },
        {
          "type": "renderModule",
          "assetId": "FwRK4fcgd0I0",
          "checksum": "580f817d80bc51e39e27824a049f4489"
        },
        {
          "type": "cssRules",
          "assetId": "FwRK4fcgd0I0",
          "checksum": "580f817d80bc51e39e27824a049f4489"
        },
        {
          "type": "renderModule",
          "assetId": "qbB8uFMZcnZK",
          "checksum": "f5dcc9dd783329fc5ea4f9870da57f3c"
        },
        {
          "type": "cssRules",
          "assetId": "qbB8uFMZcnZK",
          "checksum": "f5dcc9dd783329fc5ea4f9870da57f3c"
        },
        {
          "type": "renderModule",
          "assetId": "bZ3Hlp1WGLSh",
          "checksum": "1393721fde66829e8585ca0fdbf48ba2"
        },
        {
          "type": "cssRules",
          "assetId": "bZ3Hlp1WGLSh",
          "checksum": "1393721fde66829e8585ca0fdbf48ba2"
        },
        {
          "type": "renderModule",
          "assetId": "ZdLGNqsQKvpt",
          "checksum": "6aedfcccc3c79c921e04c7f0e7b47cdc"
        },
        {
          "type": "cssRules",
          "assetId": "ZdLGNqsQKvpt",
          "checksum": "6aedfcccc3c79c921e04c7f0e7b47cdc"
        },
        {
          "type": "renderModule",
          "assetId": "xMLlHDuW12X7",
          "checksum": "9ebf49d3efc438f30cc0f54d6e024c95"
        },
        {
          "type": "cssRules",
          "assetId": "xMLlHDuW12X7",
          "checksum": "9ebf49d3efc438f30cc0f54d6e024c95"
        },
        {
          "type": "renderModule",
          "assetId": "0XA8z88jHqGh",
          "checksum": "2f1e740af8819be2aa4189b39bc025bb"
        },
        {
          "type": "cssRules",
          "assetId": "0XA8z88jHqGh",
          "checksum": "2f1e740af8819be2aa4189b39bc025bb"
        },
        {
          "type": "renderModule",
          "assetId": "_as8O7FbI-4s",
          "checksum": "7b8bf69cc867472a47a4518f228a00e1"
        },
        {
          "type": "cssRules",
          "assetId": "_as8O7FbI-4s",
          "checksum": "7b8bf69cc867472a47a4518f228a00e1"
        },
        {
          "type": "renderModule",
          "assetId": "asQL227ll1f6",
          "checksum": "1d27fc369244e7210b3c1f9e2fd05b7f"
        },
        {
          "type": "cssRules",
          "assetId": "asQL227ll1f6",
          "checksum": "1d27fc369244e7210b3c1f9e2fd05b7f"
        },
        {
          "type": "renderModule",
          "assetId": "BmK5KSjeUCoq",
          "checksum": "cca736a852f9567842723004b31430c1"
        },
        {
          "type": "cssRules",
          "assetId": "BmK5KSjeUCoq",
          "checksum": "cca736a852f9567842723004b31430c1"
        },
        {
          "type": "renderModule",
          "assetId": "MXjsusxMCbdw",
          "checksum": "50737a7c503db32e995ff15561767f40"
        },
        {
          "type": "cssRules",
          "assetId": "MXjsusxMCbdw",
          "checksum": "50737a7c503db32e995ff15561767f40"
        },
        {
          "type": "renderModule",
          "assetId": "rUTLP1DybgSa",
          "checksum": "1764d5e4724de2895a490b0cd7096218"
        },
        {
          "type": "cssRules",
          "assetId": "rUTLP1DybgSa",
          "checksum": "1764d5e4724de2895a490b0cd7096218"
        },
        {
          "type": "renderModule",
          "assetId": "jOK2e9dO_s2H",
          "checksum": "b1fa9385dc23b51b8a8501f96a1926ab"
        },
        {
          "type": "cssRules",
          "assetId": "jOK2e9dO_s2H",
          "checksum": "b1fa9385dc23b51b8a8501f96a1926ab"
        },
        {
          "type": "renderModule",
          "assetId": "VD32IyPjLW9R",
          "checksum": "0dd87d98a7084eb76006db8b0421e581"
        },
        {
          "type": "cssRules",
          "assetId": "VD32IyPjLW9R",
          "checksum": "0dd87d98a7084eb76006db8b0421e581"
        },
        {
          "type": "renderModule",
          "assetId": "HshyzhBzEK2Y",
          "checksum": "9d830bac89244afb7f37ad5628d5765b"
        },
        {
          "type": "cssRules",
          "assetId": "HshyzhBzEK2Y",
          "checksum": "9d830bac89244afb7f37ad5628d5765b"
        },
        {
          "type": "renderModule",
          "assetId": "I2tb_OEpC2kr",
          "checksum": "277e6f69c5d262e221dfdbc6ea8150cd"
        },
        {
          "type": "cssRules",
          "assetId": "I2tb_OEpC2kr",
          "checksum": "277e6f69c5d262e221dfdbc6ea8150cd"
        },
        {
          "type": "renderModule",
          "assetId": "cQFH4gWqsI6A",
          "checksum": "1e9bb95334815a478a4b813ae90b49c2"
        },
        {
          "type": "cssRules",
          "assetId": "cQFH4gWqsI6A",
          "checksum": "1e9bb95334815a478a4b813ae90b49c2"
        },
        {
          "type": "renderModule",
          "assetId": "pyOvz-K5_X1g",
          "checksum": "677a7137dcc64ab8a62a214a4be140fd"
        },
        {
          "type": "cssRules",
          "assetId": "pyOvz-K5_X1g",
          "checksum": "677a7137dcc64ab8a62a214a4be140fd"
        },
        {
          "type": "renderModule",
          "assetId": "OlGktQHW75UW",
          "checksum": "5eefd5a9f2f9ba25745c8729cba3c70d"
        },
        {
          "type": "cssRules",
          "assetId": "OlGktQHW75UW",
          "checksum": "5eefd5a9f2f9ba25745c8729cba3c70d"
        },
        {
          "type": "renderModule",
          "assetId": "x7YHJP4JrqeK",
          "checksum": "5c6391816596bf7beb6aaff316786f42"
        },
        {
          "type": "cssRules",
          "assetId": "x7YHJP4JrqeK",
          "checksum": "5c6391816596bf7beb6aaff316786f42"
        },
        {
          "type": "icon",
          "assetId": "coKIdMvsLkGc",
          "checksum": "1ce4dd1ce68f450a0d6eb067f580640f"
        },
        {
          "type": "icon",
          "assetId": "ZAqybCfm4jTf",
          "checksum": "fc762f340fa831e293bfaf9f20d7d7fb"
        },
        {
          "type": "icon",
          "assetId": "4DJj3zWNMGAw",
          "checksum": "4d345ba50a3a527936653d8b06dff8b8"
        },
        {
          "type": "icon",
          "assetId": "-4t9efdweCVe",
          "checksum": "d7d567a38f13de333b78dc031950d2a9"
        },
        {
          "type": "icon",
          "assetId": "LWHnlW1NmBLe",
          "checksum": "7c1f8d797ed242da6f827d5e5937ce68"
        },
        {
          "type": "icon",
          "assetId": "thN2RixA9Wip",
          "checksum": "8e4252a3ee0c6b9ff4a0c23ad0e01cb1"
        },
        {
          "type": "icon",
          "assetId": "P1SX3hDYvdfi",
          "checksum": "42b4f42482b1a800cf183e262bd63a98"
        },
        {
          "type": "icon",
          "assetId": "d1KgkQpocUuW",
          "checksum": "d6087a9b03ddc666ab4e19a357c28d61"
        },
        {
          "type": "icon",
          "assetId": "SeWO6wx_ghnY",
          "checksum": "3547691e5d390b2ba77532a36d8660fb"
        },
        {
          "type": "icon",
          "assetId": "dDMSZk-YRgXQ",
          "checksum": "40fcf684e36fe494ea5d0efa5678cc40"
        },
        {
          "type": "icon",
          "assetId": "FP-kthKdmV93",
          "checksum": "8663e8687f01d843b63e2990ef1c5c42"
        },
        {
          "type": "icon",
          "assetId": "DI5o05B9KHOk",
          "checksum": "0737ea245f698630bd8bcab782afd7d9"
        },
        {
          "type": "icon",
          "assetId": "aIPYZ2rNMQmI",
          "checksum": "a5dfea8d7f1da5e90a54e03268da64b9"
        },
        {
          "type": "icon",
          "assetId": "dtnzANQm_XD-",
          "checksum": "fcaf98272cf876c9c1adb162bf8e0297"
        },
        {
          "type": "icon",
          "assetId": "a_ElVjIluQZg",
          "checksum": "348876627c2ce979582dcf32eef67e5a"
        },
        {
          "type": "icon",
          "assetId": "CTrKh01FN7bB",
          "checksum": "172bf026e38b626683bd96ce8d062cb0"
        },
        {
          "type": "icon",
          "assetId": "DIUuegV5WO8p",
          "checksum": "e3dae00d083a84849b51d4c7f37c0c68"
        },
        {
          "type": "icon",
          "assetId": "qKX_BQGv04Jk",
          "checksum": "8a1534142e019cc0ea7523c5252162d7"
        },
        {
          "type": "icon",
          "assetId": "oSDUNQyv7LZX",
          "checksum": "0a4c3b4f24c550f245fdb42f784e563e"
        },
        {
          "type": "icon",
          "assetId": "xBeCNDwEbLQj",
          "checksum": "875bb7d943ff92ba1dc6cf84762295a7"
        },
        {
          "type": "image",
          "assetId": "jSJNYTx7d-yK",
          "checksum": "ad5632533491fa600ebc6f0448959db7"
        },
        {
          "type": "image",
          "assetId": "2Ww4xpMcLr_6",
          "checksum": "bc5cf12635087fc843bf195f3d01074f"
        },
        {
          "type": "image",
          "assetId": "bLzD-4kA-0lD",
          "checksum": "2325d782cd615b5b9fc0a56ff66c9a74"
        },
        {
          "type": "image",
          "assetId": "rga-x6kMWBKI",
          "checksum": "b2f34ee720e8a928aa4b6743a8b1af4f"
        },
        {
          "type": "image",
          "assetId": "b4XQtZqR4fr-",
          "checksum": "dc21814379dd317f8f887f32f4864798"
        },
        {
          "type": "image",
          "assetId": "xHmNWvM4PNwj",
          "checksum": "6d885ac66f53aa8c3694ce64b430cab5"
        },
        {
          "type": "image",
          "assetId": "hjrANAlEGJZt",
          "checksum": "834eaaa09f8a06bef36c3922209b323a"
        },
        {
          "type": "image",
          "assetId": "n-MKRbI8waWu",
          "checksum": "c34160c3f225998b75e86b7ab6bbf664"
        },
        {
          "type": "image",
          "assetId": "Mx_EgQzl_58q",
          "checksum": "ad2b52afee9de199e737e03128fc624a"
        },
        {
          "type": "image",
          "assetId": "ozMALdyWTbPe",
          "checksum": "c55aacb100b22a85959428f98e20bb65"
        },
        {
          "type": "image",
          "assetId": "1eE-AS-_eU55",
          "checksum": "d2f332332a21f19b97d1e9ec971219ad"
        },
        {
          "type": "image",
          "assetId": "P_2wf5C3HVRc",
          "checksum": "bba4d7ba92fb0831287d864852098da1"
        },
        {
          "type": "image",
          "assetId": "kMk97ttSyjHv",
          "checksum": "0d65728c82afee9e32835214ab3598c5"
        },
        {
          "type": "image",
          "assetId": "fTGAnm7_YgEm",
          "checksum": "81ebfe2507ee452c14ce6e90e2d8bb30"
        },
        {
          "type": "image",
          "assetId": "LFpV5QEb5_rS",
          "checksum": "c97f8283ae968e22dda18038c9ec78c7"
        },
        {
          "type": "image",
          "assetId": "HLh1iOm5IpIY",
          "checksum": "fa4490c77a921fc7e2fbbcf8df158fa0"
        },
        {
          "type": "image",
          "assetId": "VJDzyoC4ds3i",
          "checksum": "acdce0af8955fe7b01e203fabb5669a6"
        },
        {
          "type": "image",
          "assetId": "6dU8oFdIRDJl",
          "checksum": "e5b335bb0373fd30c831bfbbcad24d29"
        },
        {
          "type": "image",
          "assetId": "A55fcMdLWgHJ",
          "checksum": "54b893d707ba0fe9c24c8db048a128b5"
        },
        {
          "type": "image",
          "assetId": "nAuZddAKwwCo",
          "checksum": "6029e61e39ae455141e7b30877e41fed"
        },
        {
          "type": "image",
          "assetId": "BkCYX_1BTIC3",
          "checksum": "5f6295a9eae7f1def110b90baed6879f"
        },
        {
          "type": "image",
          "assetId": "wHm1hYJHVmQT",
          "checksum": "60eff17e7fb0213bf2530d573f2840c3"
        },
        {
          "type": "image",
          "assetId": "CfcssYUycqe5",
          "checksum": "e3a2f75ad56346fa8f2923020696cd36"
        },
        {
          "type": "image",
          "assetId": "YMu9bUtdOao6",
          "checksum": "35e97745ddb7b114503e70108803e3bd"
        },
        {
          "type": "image",
          "assetId": "MwiYUAhLA2OM",
          "checksum": "05fb4cd6c8bec55db7ef91e0177eacf5"
        },
        {
          "type": "image",
          "assetId": "uKazVbDfyPMf",
          "checksum": "3ffc99c14200628c870c2e664378e674"
        },
        {
          "type": "image",
          "assetId": "cktHVJO1dGGy",
          "checksum": "c61fb0855d6e9e51f101b10bf4a0a5cc"
        },
        {
          "type": "image",
          "assetId": "l09CCysIq3o9",
          "checksum": "9f00cde57d402dfad023ee7b9fa2eab7"
        },
        {
          "type": "image",
          "assetId": "NkV7GVcTJiRS",
          "checksum": "ffd4101faea035c3b114e2f11b5cb71a"
        },
        {
          "type": "image",
          "assetId": "WiXyq0Mx7m3W",
          "checksum": "cba72b0b4d0989366f6a468394a27e03"
        },
        {
          "type": "image",
          "assetId": "W7i0Qfu0VVM9",
          "checksum": "8844cafc33a81ce5f7cb7b2c7b01d30d"
        },
        {
          "type": "image",
          "assetId": "LCo6RbVaXTPo",
          "checksum": "3b9f9018d5e5e53fafe72340edd9efa9"
        },
        {
          "type": "image",
          "assetId": "RYERUggH0F4m",
          "checksum": "2f537cc3efb84d9ed8050f9fa4532a2b"
        },
        {
          "type": "image",
          "assetId": "IE33zAdeWmfH",
          "checksum": "70238eb29ce264c919d6824ef57a14d0"
        },
        {
          "type": "image",
          "assetId": "UVIFMpd_1Eb2",
          "checksum": "5d251a17ac41b03944c42a01b3ec084f"
        },
        {
          "type": "image",
          "assetId": "842cWJ8NsK-q",
          "checksum": "c314baa5dd71c67174002e2b51f76a5d"
        },
        {
          "type": "image",
          "assetId": "Z4Wzuo7cjd2y",
          "checksum": "40c3030aa423734042dc7734af1dc881"
        },
        {
          "type": "image",
          "assetId": "qGIoR9BS42KU",
          "checksum": "7645eda71c87e147f9f4eaca24fd58a2"
        },
        {
          "type": "image",
          "assetId": "SyeCNz60NHJg",
          "checksum": "356df6fb90218a39dca7b7eed7bd60ff"
        },
        {
          "type": "image",
          "assetId": "snHF8gTNb7Ma",
          "checksum": "252b47d8e7efa0125252512b165d3e31"
        },
        {
          "type": "image",
          "assetId": "htIeuKvSWjTM",
          "checksum": "e1ff64ee75af10953cc215ebdc756548"
        },
        {
          "type": "image",
          "assetId": "M6BW6oBNL43c",
          "checksum": "09693451f07fb388c7be794ee8736978"
        },
        {
          "type": "image",
          "assetId": "tS7ZG-ER87rM",
          "checksum": "6fadae42d15896638d02d4e1b53860a2"
        },
        {
          "type": "image",
          "assetId": "j4EBXujdury_",
          "checksum": "c1a16e71e24ca0c45df717bc27d654dd"
        },
        {
          "type": "image",
          "assetId": "4_J5KZS3lu4l",
          "checksum": "86a0f205a1844ec83e4444524b0aaae4"
        },
        {
          "type": "image",
          "assetId": "vhhRUTviNnRw",
          "checksum": "464fae960520196db0602e1c36cca509"
        },
        {
          "type": "image",
          "assetId": "_WG6fqrARuNO",
          "checksum": "8905cda795fa9ba78f4f066d16e344af"
        },
        {
          "type": "image",
          "assetId": "iu2rMqhmU81x",
          "checksum": "ec561338f5099c8efd5cb0b14682cf71"
        },
        {
          "type": "image",
          "assetId": "JPQhk5EhQVFt",
          "checksum": "3384f7a7409e9633758cb90a39f86081"
        },
        {
          "type": "image",
          "assetId": "4j0sVrAotvGt",
          "checksum": "1e19855232d8adc1642993773de3e68c"
        },
        {
          "type": "image",
          "assetId": "FDAJrV_qhMCa",
          "checksum": "946745c769bc18464466ad30db30bb9d"
        },
        {
          "type": "image",
          "assetId": "rG_ZQPsFGibZ",
          "checksum": "b85ac6d8ef84511349055a32c2c8b88f"
        },
        {
          "type": "image",
          "assetId": "PgP1xkMRcwXr",
          "checksum": "cb38f5439998947b49af64001681440e"
        },
        {
          "type": "image",
          "assetId": "UQrSEQ9IQdcU",
          "checksum": "1ee66adaecae0ad0e44c0c04010fdcd2"
        },
        {
          "type": "image",
          "assetId": "WoLMoWvduYUe",
          "checksum": "d3df4d5ba534dc17077b1971e9066ece"
        },
        {
          "type": "image",
          "assetId": "yyDykTOQbsUw",
          "checksum": "33710d622c3584fb581379daac976ca0"
        },
        {
          "type": "image",
          "assetId": "9xtIvw_Erlzm",
          "checksum": "f4d6c896d0b2e13c0e5e92e51e9ca927"
        },
        {
          "type": "image",
          "assetId": "ZFjQC1NXClPO",
          "checksum": "47821aec3887a66398c494e4f6cbfce7"
        },
        {
          "type": "image",
          "assetId": "Ij_LWZ8tLVLG",
          "checksum": "3bc0ffe4c5421273a9b7c66a1e3218c0"
        },
        {
          "type": "image",
          "assetId": "UolCx96-cHDg",
          "checksum": "b0622930d91e6e087c30de19cfad0b26"
        },
        {
          "type": "image",
          "assetId": "ZXfzHgPR8SB5",
          "checksum": "641d76d644f4c1567d5fcbfce8f8d590"
        },
        {
          "type": "image",
          "assetId": "pKQxZzW7OpUQ",
          "checksum": "64882e24237a93098931a8a4e12ac296"
        },
        {
          "type": "image",
          "assetId": "G_KPdwp1fqbC",
          "checksum": "a91c06fd30410614cf72cc7aeafcf905"
        },
        {
          "type": "image",
          "assetId": "XyhgoAjOkZMf",
          "checksum": "df694c0f6bac5579a20a53203ef0d5f4"
        },
        {
          "type": "image",
          "assetId": "_2k8A-3rYZln",
          "checksum": "7742ae691424f2de6f8e801a53139329"
        },
        {
          "type": "image",
          "assetId": "MIuqBOJeLPSk",
          "checksum": "177eda8164faa404fab9a14220c4c714"
        },
        {
          "type": "image",
          "assetId": "G_O7A5pHD4YX",
          "checksum": "2d8f1ec17dfbf2aa562684378546da60"
        },
        {
          "type": "image",
          "assetId": "J9fRTX7EE12y",
          "checksum": "5f16ce6d35340738e53b04a0fe7b49f4"
        },
        {
          "type": "image",
          "assetId": "uc61Adh8uzMK",
          "checksum": "41ce5f027e8a86e5cad7916c2f91c34b"
        },
        {
          "type": "image",
          "assetId": "yOkblVRan11x",
          "checksum": "11d117d707f687209d4baad52ec6fefe"
        },
        {
          "type": "image",
          "assetId": "CFi6pe-2cbBb",
          "checksum": "02558ecda10e1eb8b5a7092c843882e4"
        },
        {
          "type": "image",
          "assetId": "Aw2617Tjce01",
          "checksum": "5b19b05f13ad48525ed165819fb2959f"
        },
        {
          "type": "image",
          "assetId": "j1Eed2h985-_",
          "checksum": "d365e4a600e81acdef98490db4372a98"
        },
        {
          "type": "image",
          "assetId": "YtjYeRNzVtho",
          "checksum": "3fa2fa62db235a0ab0964c92f8aa5ec9"
        },
        {
          "assetId": "tapQSmgujw7smcBwiTayug",
          "type": "projectCss",
          "checksum": "df91b0642cbb0a2eb4b0721116ba20f5"
        }
      ],
      "codegenVersion": "0.0.2"
    },
    {
      "projectId": "caTPwKxj5ZrD9LQ7DMdK4Z",
      "version": "3.47.0",
      "dependencies": {},
      "lang": "js",
      "fileLocks": [
        {
          "assetId": "caTPwKxj5ZrD9LQ7DMdK4Z",
          "type": "projectCss",
          "checksum": "56a5d447501c0753e4cf451641894e78"
        },
        {
          "assetId": "caTPwKxj5ZrD9LQ7DMdK4Z",
          "checksum": "efdcd613ac98718578f9c563cd75fd38",
          "type": "projectModule"
        },
        {
          "assetId": "caTPwKxj5ZrD9LQ7DMdK4Z",
          "checksum": "40d46a8d45618547e9423b72a466b693",
          "type": "styleTokensProvider"
        }
      ],
      "codegenVersion": "0.0.2"
    }
  ],
  "cliVersion": "0.1.343"
}
